
Microsoft Visual Studio Solution File, Format Version 12.00
# Visual Studio 15
VisualStudioVersion = 15.0.26124.0
MinimumVisualStudioVersion = 15.0.26124.0
Project("{FAE04EC0-301F-11D3-BF4B-00C04F79EFBC}") = "ProductCatalog", "ProductCatalog\ProductCatalog.csproj", "{6122686E-9112-41F9-BDE2-638A64904F10}"
EndProject
Project("{FAE04EC0-301F-11D3-BF4B-00C04F79EFBC}") = "Store.API", "Store.API\Store.API.csproj", "{9E018B4E-7A36-452A-A5FA-01C68AFEE6D2}"
EndProject
Project("{FAE04EC0-301F-11D3-BF4B-00C04F79EFBC}") = "Store.Domain", "Store.Domain\Store.Domain.csproj", "{FF82CE08-06AE-4877-8717-77DFE9F871F1}"
EndProject
Project("{FAE04EC0-301F-11D3-BF4B-00C04F79EFBC}") = "Store.Infra", "Store.Infra\Store.Infra.csproj", "{2FDE4DAD-0805-452F-B6A0-CFA6F4E428A2}"
EndProject
Project("{FAE04EC0-301F-11D3-BF4B-00C04F79EFBC}") = "Store.Shared", "Store.Shared\Store.Shared.csproj", "{501A82FD-283B-4D2A-88A3-7677ABB968DA}"
EndProject
Project("{FAE04EC0-301F-11D3-BF4B-00C04F79EFBC}") = "Store.Tests", "Store.Tests\Store.Tests.csproj", "{FE16CFEB-C19A-4928-A10B-2A0968ADBB4E}"
EndProject
Global
	GlobalSection(SolutionConfigurationPlatforms) = preSolution
		Debug|Any CPU = Debug|Any CPU
		Debug|x64 = Debug|x64
		Debug|x86 = Debug|x86
		Release|Any CPU = Release|Any CPU
		Release|x64 = Release|x64
		Release|x86 = Release|x86
	EndGlobalSection
	GlobalSection(SolutionProperties) = preSolution
		HideSolutionNode = FALSE
	EndGlobalSection
	GlobalSection(ProjectConfigurationPlatforms) = postSolution
		{6122686E-9112-41F9-BDE2-638A64904F10}.Debug|Any CPU.ActiveCfg = Debug|Any CPU
		{6122686E-9112-41F9-BDE2-638A64904F10}.Debug|Any CPU.Build.0 = Debug|Any CPU
		{6122686E-9112-41F9-BDE2-638A64904F10}.Debug|x64.ActiveCfg = Debug|Any CPU
		{6122686E-9112-41F9-BDE2-638A64904F10}.Debug|x64.Build.0 = Debug|Any CPU
		{6122686E-9112-41F9-BDE2-638A64904F10}.Debug|x86.ActiveCfg = Debug|Any CPU
		{6122686E-9112-41F9-BDE2-638A64904F10}.Debug|x86.Build.0 = Debug|Any CPU
		{6122686E-9112-41F9-BDE2-638A64904F10}.Release|Any CPU.ActiveCfg = Release|Any CPU
		{6122686E-9112-41F9-BDE2-638A64904F10}.Release|Any CPU.Build.0 = Release|Any CPU
		{6122686E-9112-41F9-BDE2-638A64904F10}.Release|x64.ActiveCfg = Release|Any CPU
		{6122686E-9112-41F9-BDE2-638A64904F10}.Release|x64.Build.0 = Release|Any CPU
		{6122686E-9112-41F9-BDE2-638A64904F10}.Release|x86.ActiveCfg = Release|Any CPU
		{6122686E-9112-41F9-BDE2-638A64904F10}.Release|x86.Build.0 = Release|Any CPU
		{9E018B4E-7A36-452A-A5FA-01C68AFEE6D2}.Debug|Any CPU.ActiveCfg = Debug|Any CPU
		{9E018B4E-7A36-452A-A5FA-01C68AFEE6D2}.Debug|Any CPU.Build.0 = Debug|Any CPU
		{9E018B4E-7A36-452A-A5FA-01C68AFEE6D2}.Debug|x64.ActiveCfg = Debug|Any CPU
		{9E018B4E-7A36-452A-A5FA-01C68AFEE6D2}.Debug|x64.Build.0 = Debug|Any CPU
		{9E018B4E-7A36-452A-A5FA-01C68AFEE6D2}.Debug|x86.ActiveCfg = Debug|Any CPU
		{9E018B4E-7A36-452A-A5FA-01C68AFEE6D2}.Debug|x86.Build.0 = Debug|Any CPU
		{9E018B4E-7A36-452A-A5FA-01C68AFEE6D2}.Release|Any CPU.ActiveCfg = Release|Any CPU
		{9E018B4E-7A36-452A-A5FA-01C68AFEE6D2}.Release|Any CPU.Build.0 = Release|Any CPU
		{9E018B4E-7A36-452A-A5FA-01C68AFEE6D2}.Release|x64.ActiveCfg = Release|Any CPU
		{9E018B4E-7A36-452A-A5FA-01C68AFEE6D2}.Release|x64.Build.0 = Release|Any CPU
		{9E018B4E-7A36-452A-A5FA-01C68AFEE6D2}.Release|x86.ActiveCfg = Release|Any CPU
		{9E018B4E-7A36-452A-A5FA-01C68AFEE6D2}.Release|x86.Build.0 = Release|Any CPU
		{FF82CE08-06AE-4877-8717-77DFE9F871F1}.Debug|Any CPU.ActiveCfg = Debug|Any CPU
		{FF82CE08-06AE-4877-8717-77DFE9F871F1}.Debug|Any CPU.Build.0 = Debug|Any CPU
		{FF82CE08-06AE-4877-8717-77DFE9F871F1}.Debug|x64.ActiveCfg = Debug|Any CPU
		{FF82CE08-06AE-4877-8717-77DFE9F871F1}.Debug|x64.Build.0 = Debug|Any CPU
		{FF82CE08-06AE-4877-8717-77DFE9F871F1}.Debug|x86.ActiveCfg = Debug|Any CPU
		{FF82CE08-06AE-4877-8717-77DFE9F871F1}.Debug|x86.Build.0 = Debug|Any CPU
		{FF82CE08-06AE-4877-8717-77DFE9F871F1}.Release|Any CPU.ActiveCfg = Release|Any CPU
		{FF82CE08-06AE-4877-8717-77DFE9F871F1}.Release|Any CPU.Build.0 = Release|Any CPU
		{FF82CE08-06AE-4877-8717-77DFE9F871F1}.Release|x64.ActiveCfg = Release|Any CPU
		{FF82CE08-06AE-4877-8717-77DFE9F871F1}.Release|x64.Build.0 = Release|Any CPU
		{FF82CE08-06AE-4877-8717-77DFE9F871F1}.Release|x86.ActiveCfg = Release|Any CPU
		{FF82CE08-06AE-4877-8717-77DFE9F871F1}.Release|x86.Build.0 = Release|Any CPU
		{2FDE4DAD-0805-452F-B6A0-CFA6F4E428A2}.Debug|Any CPU.ActiveCfg = Debug|Any CPU
		{2FDE4DAD-0805-452F-B6A0-CFA6F4E428A2}.Debug|Any CPU.Build.0 = Debug|Any CPU
		{2FDE4DAD-0805-452F-B6A0-CFA6F4E428A2}.Debug|x64.ActiveCfg = Debug|Any CPU
		{2FDE4DAD-0805-452F-B6A0-CFA6F4E428A2}.Debug|x64.Build.0 = Debug|Any CPU
		{2FDE4DAD-0805-452F-B6A0-CFA6F4E428A2}.Debug|x86.ActiveCfg = Debug|Any CPU
		{2FDE4DAD-0805-452F-B6A0-CFA6F4E428A2}.Debug|x86.Build.0 = Debug|Any CPU
		{2FDE4DAD-0805-452F-B6A0-CFA6F4E428A2}.Release|Any CPU.ActiveCfg = Release|Any CPU
		{2FDE4DAD-0805-452F-B6A0-CFA6F4E428A2}.Release|Any CPU.Build.0 = Release|Any CPU
		{2FDE4DAD-0805-452F-B6A0-CFA6F4E428A2}.Release|x64.ActiveCfg = Release|Any CPU
		{2FDE4DAD-0805-452F-B6A0-CFA6F4E428A2}.Release|x64.Build.0 = Release|Any CPU
		{2FDE4DAD-0805-452F-B6A0-CFA6F4E428A2}.Release|x86.ActiveCfg = Release|Any CPU
		{2FDE4DAD-0805-452F-B6A0-CFA6F4E428A2}.Release|x86.Build.0 = Release|Any CPU
		{501A82FD-283B-4D2A-88A3-7677ABB968DA}.Debug|Any CPU.ActiveCfg = Debug|Any CPU
		{501A82FD-283B-4D2A-88A3-7677ABB968DA}.Debug|Any CPU.Build.0 = Debug|Any CPU
		{501A82FD-283B-4D2A-88A3-7677ABB968DA}.Debug|x64.ActiveCfg = Debug|Any CPU
		{501A82FD-283B-4D2A-88A3-7677ABB968DA}.Debug|x64.Build.0 = Debug|Any CPU
		{501A82FD-283B-4D2A-88A3-7677ABB968DA}.Debug|x86.ActiveCfg = Debug|Any CPU
		{501A82FD-283B-4D2A-88A3-7677ABB968DA}.Debug|x86.Build.0 = Debug|Any CPU
		{501A82FD-283B-4D2A-88A3-7677ABB968DA}.Release|Any CPU.ActiveCfg = Release|Any CPU
		{501A82FD-283B-4D2A-88A3-7677ABB968DA}.Release|Any CPU.Build.0 = Release|Any CPU
		{501A82FD-283B-4D2A-88A3-7677ABB968DA}.Release|x64.ActiveCfg = Release|Any CPU
		{501A82FD-283B-4D2A-88A3-7677ABB968DA}.Release|x64.Build.0 = Release|Any CPU
		{501A82FD-283B-4D2A-88A3-7677ABB968DA}.Release|x86.ActiveCfg = Release|Any CPU
		{501A82FD-283B-4D2A-88A3-7677ABB968DA}.Release|x86.Build.0 = Release|Any CPU
		{FE16CFEB-C19A-4928-A10B-2A0968ADBB4E}.Debug|Any CPU.ActiveCfg = Debug|Any CPU
		{FE16CFEB-C19A-4928-A10B-2A0968ADBB4E}.Debug|Any CPU.Build.0 = Debug|Any CPU
		{FE16CFEB-C19A-4928-A10B-2A0968ADBB4E}.Debug|x64.ActiveCfg = Debug|Any CPU
		{FE16CFEB-C19A-4928-A10B-2A0968ADBB4E}.Debug|x64.Build.0 = Debug|Any CPU
		{FE16CFEB-C19A-4928-A10B-2A0968ADBB4E}.Debug|x86.ActiveCfg = Debug|Any CPU
		{FE16CFEB-C19A-4928-A10B-2A0968ADBB4E}.Debug|x86.Build.0 = Debug|Any CPU
		{FE16CFEB-C19A-4928-A10B-2A0968ADBB4E}.Release|Any CPU.ActiveCfg = Release|Any CPU
		{FE16CFEB-C19A-4928-A10B-2A0968ADBB4E}.Release|Any CPU.Build.0 = Release|Any CPU
		{FE16CFEB-C19A-4928-A10B-2A0968ADBB4E}.Release|x64.ActiveCfg = Release|Any CPU
		{FE16CFEB-C19A-4928-A10B-2A0968ADBB4E}.Release|x64.Build.0 = Release|Any CPU
		{FE16CFEB-C19A-4928-A10B-2A0968ADBB4E}.Release|x86.ActiveCfg = Release|Any CPU
		{FE16CFEB-C19A-4928-A10B-2A0968ADBB4E}.Release|x86.Build.0 = Release|Any CPU
	EndGlobalSection
EndGlobal
